
Microsoft Visual Studio Solution File, Format Version 12.00
# Visual Studio Version 16
VisualStudioVersion = 16.0.30804.86
MinimumVisualStudioVersion = 10.0.40219.1
Project("{FAE04EC0-301F-11D3-BF4B-00C04F79EFBC}") = "WebExample", "WebExample\WebExample.csproj", "{00A8C9ED-7A53-42B3-8DEB-D20A0BDFB2E2}"
EndProject
Global
	GlobalSection(SolutionConfigurationPlatforms) = preSolution
		Debug|Any CPU = Debug|Any CPU
		Release|Any CPU = Release|Any CPU
	EndGlobalSection
	GlobalSection(ProjectConfigurationPlatforms) = postSolution
		{00A8C9ED-7A53-42B3-8DEB-D20A0BDFB2E2}.Debug|Any CPU.ActiveCfg = Debug|Any CPU
		{00A8C9ED-7A53-42B3-8DEB-D20A0BDFB2E2}.Debug|Any CPU.Build.0 = Debug|Any CPU
		{00A8C9ED-7A53-42B3-8DEB-D20A0BDFB2E2}.Release|Any CPU.ActiveCfg = Release|Any CPU
		{00A8C9ED-7A53-42B3-8DEB-D20A0BDFB2E2}.Release|Any CPU.Build.0 = Release|Any CPU
	EndGlobalSection
	GlobalSection(SolutionProperties) = preSolution
		HideSolutionNode = FALSE
	EndGlobalSection
	GlobalSection(ExtensibilityGlobals) = postSolution
		SolutionGuid = {2EFB45BF-6038-4B90-A966-28DCC3CB1F35}
	EndGlobalSection
EndGlobal
