
Microsoft Visual Studio Solution File, Format Version 12.00
# Visual Studio Version 16
VisualStudioVersion = 16.0.30804.86
MinimumVisualStudioVersion = 10.0.40219.1
Project("{FAE04EC0-301F-11D3-BF4B-00C04F79EFBC}") = "MasterPageExample", "MasterPageExample\MasterPageExample.csproj", "{E77A26DE-8285-45C6-A8BA-4B8BE924C377}"
EndProject
Global
	GlobalSection(SolutionConfigurationPlatforms) = preSolution
		Debug|Any CPU = Debug|Any CPU
		Release|Any CPU = Release|Any CPU
	EndGlobalSection
	GlobalSection(ProjectConfigurationPlatforms) = postSolution
		{E77A26DE-8285-45C6-A8BA-4B8BE924C377}.Debug|Any CPU.ActiveCfg = Debug|Any CPU
		{E77A26DE-8285-45C6-A8BA-4B8BE924C377}.Debug|Any CPU.Build.0 = Debug|Any CPU
		{E77A26DE-8285-45C6-A8BA-4B8BE924C377}.Release|Any CPU.ActiveCfg = Release|Any CPU
		{E77A26DE-8285-45C6-A8BA-4B8BE924C377}.Release|Any CPU.Build.0 = Release|Any CPU
	EndGlobalSection
	GlobalSection(SolutionProperties) = preSolution
		HideSolutionNode = FALSE
	EndGlobalSection
	GlobalSection(ExtensibilityGlobals) = postSolution
		SolutionGuid = {3BE26C08-601E-4D9A-A469-BA109008BE2B}
	EndGlobalSection
EndGlobal
