
Microsoft Visual Studio Solution File, Format Version 12.00
# Visual Studio Version 16
VisualStudioVersion = 16.0.32413.511
MinimumVisualStudioVersion = 10.0.40219.1
Project("{FAE04EC0-301F-11D3-BF4B-00C04F79EFBC}") = "DataSetExample", "DataSetExample\DataSetExample.csproj", "{372DBFC0-9457-421B-8B63-DC70E2EB46CB}"
EndProject
Global
	GlobalSection(SolutionConfigurationPlatforms) = preSolution
		Debug|Any CPU = Debug|Any CPU
		Release|Any CPU = Release|Any CPU
	EndGlobalSection
	GlobalSection(ProjectConfigurationPlatforms) = postSolution
		{372DBFC0-9457-421B-8B63-DC70E2EB46CB}.Debug|Any CPU.ActiveCfg = Debug|Any CPU
		{372DBFC0-9457-421B-8B63-DC70E2EB46CB}.Debug|Any CPU.Build.0 = Debug|Any CPU
		{372DBFC0-9457-421B-8B63-DC70E2EB46CB}.Release|Any CPU.ActiveCfg = Release|Any CPU
		{372DBFC0-9457-421B-8B63-DC70E2EB46CB}.Release|Any CPU.Build.0 = Release|Any CPU
	EndGlobalSection
	GlobalSection(SolutionProperties) = preSolution
		HideSolutionNode = FALSE
	EndGlobalSection
	GlobalSection(ExtensibilityGlobals) = postSolution
		SolutionGuid = {3473340F-5D2F-4BA8-BC79-DCF132504202}
	EndGlobalSection
EndGlobal
