
Microsoft Visual Studio Solution File, Format Version 12.00
# Visual Studio Version 16
VisualStudioVersion = 16.0.30804.86
MinimumVisualStudioVersion = 10.0.40219.1
Project("{FAE04EC0-301F-11D3-BF4B-00C04F79EFBC}") = "GRDTemplateField", "GRDTemplateField.csproj", "{8B9277FF-4857-4E9E-A48B-4D8E7E0F3338}"
EndProject
Global
	GlobalSection(SolutionConfigurationPlatforms) = preSolution
		Debug|Any CPU = Debug|Any CPU
		Release|Any CPU = Release|Any CPU
	EndGlobalSection
	GlobalSection(ProjectConfigurationPlatforms) = postSolution
		{8B9277FF-4857-4E9E-A48B-4D8E7E0F3338}.Debug|Any CPU.ActiveCfg = Debug|Any CPU
		{8B9277FF-4857-4E9E-A48B-4D8E7E0F3338}.Debug|Any CPU.Build.0 = Debug|Any CPU
		{8B9277FF-4857-4E9E-A48B-4D8E7E0F3338}.Release|Any CPU.ActiveCfg = Release|Any CPU
		{8B9277FF-4857-4E9E-A48B-4D8E7E0F3338}.Release|Any CPU.Build.0 = Release|Any CPU
	EndGlobalSection
	GlobalSection(SolutionProperties) = preSolution
		HideSolutionNode = FALSE
	EndGlobalSection
	GlobalSection(ExtensibilityGlobals) = postSolution
		SolutionGuid = {45AB0270-20C1-44D4-A0C3-87FF5A24D71A}
	EndGlobalSection
EndGlobal
