
Microsoft Visual Studio Solution File, Format Version 12.00
# Visual Studio Version 16
VisualStudioVersion = 16.0.30804.86
MinimumVisualStudioVersion = 10.0.40219.1
Project("{FAE04EC0-301F-11D3-BF4B-00C04F79EFBC}") = "Company", "Company.csproj", "{7373FE19-D785-463C-9AE1-6BCB93D5A74D}"
EndProject
Global
	GlobalSection(SolutionConfigurationPlatforms) = preSolution
		Debug|Any CPU = Debug|Any CPU
		Release|Any CPU = Release|Any CPU
	EndGlobalSection
	GlobalSection(ProjectConfigurationPlatforms) = postSolution
		{7373FE19-D785-463C-9AE1-6BCB93D5A74D}.Debug|Any CPU.ActiveCfg = Debug|Any CPU
		{7373FE19-D785-463C-9AE1-6BCB93D5A74D}.Debug|Any CPU.Build.0 = Debug|Any CPU
		{7373FE19-D785-463C-9AE1-6BCB93D5A74D}.Release|Any CPU.ActiveCfg = Release|Any CPU
		{7373FE19-D785-463C-9AE1-6BCB93D5A74D}.Release|Any CPU.Build.0 = Release|Any CPU
	EndGlobalSection
	GlobalSection(SolutionProperties) = preSolution
		HideSolutionNode = FALSE
	EndGlobalSection
	GlobalSection(ExtensibilityGlobals) = postSolution
		SolutionGuid = {8D963D35-FFA3-4585-9947-0CEB33B66CD6}
	EndGlobalSection
EndGlobal
