
Microsoft Visual Studio Solution File, Format Version 12.00
# Visual Studio Version 16
VisualStudioVersion = 16.0.30804.86
MinimumVisualStudioVersion = 10.0.40219.1
Project("{FAE04EC0-301F-11D3-BF4B-00C04F79EFBC}") = "EventsExample", "EventsExample.csproj", "{9F222CDF-4D65-4643-B685-784085CC66B0}"
EndProject
Global
	GlobalSection(SolutionConfigurationPlatforms) = preSolution
		Debug|Any CPU = Debug|Any CPU
		Release|Any CPU = Release|Any CPU
	EndGlobalSection
	GlobalSection(ProjectConfigurationPlatforms) = postSolution
		{9F222CDF-4D65-4643-B685-784085CC66B0}.Debug|Any CPU.ActiveCfg = Debug|Any CPU
		{9F222CDF-4D65-4643-B685-784085CC66B0}.Debug|Any CPU.Build.0 = Debug|Any CPU
		{9F222CDF-4D65-4643-B685-784085CC66B0}.Release|Any CPU.ActiveCfg = Release|Any CPU
		{9F222CDF-4D65-4643-B685-784085CC66B0}.Release|Any CPU.Build.0 = Release|Any CPU
	EndGlobalSection
	GlobalSection(SolutionProperties) = preSolution
		HideSolutionNode = FALSE
	EndGlobalSection
	GlobalSection(ExtensibilityGlobals) = postSolution
		SolutionGuid = {D306E719-50A9-4395-BB67-930A71F3259A}
	EndGlobalSection
EndGlobal
