
Microsoft Visual Studio Solution File, Format Version 12.00
# Visual Studio Version 16
VisualStudioVersion = 16.0.30804.86
MinimumVisualStudioVersion = 10.0.40219.1
Project("{FAE04EC0-301F-11D3-BF4B-00C04F79EFBC}") = "Structure", "StructureAndEnum\Structure.csproj", "{CD91393D-B898-416A-BC41-CCBEAFA7212F}"
EndProject
Project("{FAE04EC0-301F-11D3-BF4B-00C04F79EFBC}") = "Enum", "Enum\Enum.csproj", "{9F09E975-FC45-44DD-86BD-B718A0560251}"
EndProject
Project("{FAE04EC0-301F-11D3-BF4B-00C04F79EFBC}") = "goToEcample", "goToEcample\goToEcample.csproj", "{E94C9BA7-5441-4E0B-9D9C-FEC92FD93C26}"
EndProject
Global
	GlobalSection(SolutionConfigurationPlatforms) = preSolution
		Debug|Any CPU = Debug|Any CPU
		Release|Any CPU = Release|Any CPU
	EndGlobalSection
	GlobalSection(ProjectConfigurationPlatforms) = postSolution
		{CD91393D-B898-416A-BC41-CCBEAFA7212F}.Debug|Any CPU.ActiveCfg = Debug|Any CPU
		{CD91393D-B898-416A-BC41-CCBEAFA7212F}.Debug|Any CPU.Build.0 = Debug|Any CPU
		{CD91393D-B898-416A-BC41-CCBEAFA7212F}.Release|Any CPU.ActiveCfg = Release|Any CPU
		{CD91393D-B898-416A-BC41-CCBEAFA7212F}.Release|Any CPU.Build.0 = Release|Any CPU
		{9F09E975-FC45-44DD-86BD-B718A0560251}.Debug|Any CPU.ActiveCfg = Debug|Any CPU
		{9F09E975-FC45-44DD-86BD-B718A0560251}.Debug|Any CPU.Build.0 = Debug|Any CPU
		{9F09E975-FC45-44DD-86BD-B718A0560251}.Release|Any CPU.ActiveCfg = Release|Any CPU
		{9F09E975-FC45-44DD-86BD-B718A0560251}.Release|Any CPU.Build.0 = Release|Any CPU
		{E94C9BA7-5441-4E0B-9D9C-FEC92FD93C26}.Debug|Any CPU.ActiveCfg = Debug|Any CPU
		{E94C9BA7-5441-4E0B-9D9C-FEC92FD93C26}.Debug|Any CPU.Build.0 = Debug|Any CPU
		{E94C9BA7-5441-4E0B-9D9C-FEC92FD93C26}.Release|Any CPU.ActiveCfg = Release|Any CPU
		{E94C9BA7-5441-4E0B-9D9C-FEC92FD93C26}.Release|Any CPU.Build.0 = Release|Any CPU
	EndGlobalSection
	GlobalSection(SolutionProperties) = preSolution
		HideSolutionNode = FALSE
	EndGlobalSection
	GlobalSection(ExtensibilityGlobals) = postSolution
		SolutionGuid = {03D1D49C-4F01-4F87-A633-5ABBE8AB2CDA}
	EndGlobalSection
EndGlobal
