
Microsoft Visual Studio Solution File, Format Version 12.00
# Visual Studio Version 16
VisualStudioVersion = 16.0.30804.86
MinimumVisualStudioVersion = 10.0.40219.1
Project("{FAE04EC0-301F-11D3-BF4B-00C04F79EFBC}") = "GridViewOps27Dec", "GridViewOps27Dec.csproj", "{1F1A1FF6-AB5F-4B7A-93CC-702F0CD8D540}"
EndProject
Global
	GlobalSection(SolutionConfigurationPlatforms) = preSolution
		Debug|Any CPU = Debug|Any CPU
		Release|Any CPU = Release|Any CPU
	EndGlobalSection
	GlobalSection(ProjectConfigurationPlatforms) = postSolution
		{1F1A1FF6-AB5F-4B7A-93CC-702F0CD8D540}.Debug|Any CPU.ActiveCfg = Debug|Any CPU
		{1F1A1FF6-AB5F-4B7A-93CC-702F0CD8D540}.Debug|Any CPU.Build.0 = Debug|Any CPU
		{1F1A1FF6-AB5F-4B7A-93CC-702F0CD8D540}.Release|Any CPU.ActiveCfg = Release|Any CPU
		{1F1A1FF6-AB5F-4B7A-93CC-702F0CD8D540}.Release|Any CPU.Build.0 = Release|Any CPU
	EndGlobalSection
	GlobalSection(SolutionProperties) = preSolution
		HideSolutionNode = FALSE
	EndGlobalSection
	GlobalSection(ExtensibilityGlobals) = postSolution
		SolutionGuid = {262A26A1-A2AF-4336-BE9A-97A52AA22CD9}
	EndGlobalSection
EndGlobal
