
Microsoft Visual Studio Solution File, Format Version 12.00
# Visual Studio Version 17
VisualStudioVersion = 17.4.33122.133
MinimumVisualStudioVersion = 10.0.40219.1
Project("{FAE04EC0-301F-11D3-BF4B-00C04F79EFBC}") = "Grid_Button_Ex", "Grid_Button_Ex\Grid_Button_Ex.csproj", "{8DE54672-EFA6-4BEE-A35B-E1B5493A4217}"
EndProject
Global
	GlobalSection(SolutionConfigurationPlatforms) = preSolution
		Debug|Any CPU = Debug|Any CPU
		Release|Any CPU = Release|Any CPU
	EndGlobalSection
	GlobalSection(ProjectConfigurationPlatforms) = postSolution
		{8DE54672-EFA6-4BEE-A35B-E1B5493A4217}.Debug|Any CPU.ActiveCfg = Debug|Any CPU
		{8DE54672-EFA6-4BEE-A35B-E1B5493A4217}.Debug|Any CPU.Build.0 = Debug|Any CPU
		{8DE54672-EFA6-4BEE-A35B-E1B5493A4217}.Release|Any CPU.ActiveCfg = Release|Any CPU
		{8DE54672-EFA6-4BEE-A35B-E1B5493A4217}.Release|Any CPU.Build.0 = Release|Any CPU
	EndGlobalSection
	GlobalSection(SolutionProperties) = preSolution
		HideSolutionNode = FALSE
	EndGlobalSection
	GlobalSection(ExtensibilityGlobals) = postSolution
		SolutionGuid = {C45712D6-FCA7-4E6C-BE3D-3E86BB03ACC1}
	EndGlobalSection
EndGlobal
