
Microsoft Visual Studio Solution File, Format Version 12.00
# Visual Studio Version 16
VisualStudioVersion = 16.0.32413.511
MinimumVisualStudioVersion = 10.0.40219.1
Project("{FAE04EC0-301F-11D3-BF4B-00C04F79EFBC}") = "PropertyExample", "PropertyExample\PropertyExample.csproj", "{50C0A929-800D-4529-8CA2-27CF4B148F87}"
EndProject
Global
	GlobalSection(SolutionConfigurationPlatforms) = preSolution
		Debug|Any CPU = Debug|Any CPU
		Release|Any CPU = Release|Any CPU
	EndGlobalSection
	GlobalSection(ProjectConfigurationPlatforms) = postSolution
		{50C0A929-800D-4529-8CA2-27CF4B148F87}.Debug|Any CPU.ActiveCfg = Debug|Any CPU
		{50C0A929-800D-4529-8CA2-27CF4B148F87}.Debug|Any CPU.Build.0 = Debug|Any CPU
		{50C0A929-800D-4529-8CA2-27CF4B148F87}.Release|Any CPU.ActiveCfg = Release|Any CPU
		{50C0A929-800D-4529-8CA2-27CF4B148F87}.Release|Any CPU.Build.0 = Release|Any CPU
	EndGlobalSection
	GlobalSection(SolutionProperties) = preSolution
		HideSolutionNode = FALSE
	EndGlobalSection
	GlobalSection(ExtensibilityGlobals) = postSolution
		SolutionGuid = {DBBDEC8C-B35E-4007-B66F-C5AF3E64C20C}
	EndGlobalSection
EndGlobal
