
Microsoft Visual Studio Solution File, Format Version 12.00
# Visual Studio Version 16
VisualStudioVersion = 16.0.30804.86
MinimumVisualStudioVersion = 10.0.40219.1
Project("{FAE04EC0-301F-11D3-BF4B-00C04F79EFBC}") = "DatatypeExample", "DatatypeExample.csproj", "{A6F55CB7-361D-4F82-811E-F8CE7E3C0A88}"
EndProject
Global
	GlobalSection(SolutionConfigurationPlatforms) = preSolution
		Debug|Any CPU = Debug|Any CPU
		Release|Any CPU = Release|Any CPU
	EndGlobalSection
	GlobalSection(ProjectConfigurationPlatforms) = postSolution
		{A6F55CB7-361D-4F82-811E-F8CE7E3C0A88}.Debug|Any CPU.ActiveCfg = Debug|Any CPU
		{A6F55CB7-361D-4F82-811E-F8CE7E3C0A88}.Debug|Any CPU.Build.0 = Debug|Any CPU
		{A6F55CB7-361D-4F82-811E-F8CE7E3C0A88}.Release|Any CPU.ActiveCfg = Release|Any CPU
		{A6F55CB7-361D-4F82-811E-F8CE7E3C0A88}.Release|Any CPU.Build.0 = Release|Any CPU
	EndGlobalSection
	GlobalSection(SolutionProperties) = preSolution
		HideSolutionNode = FALSE
	EndGlobalSection
	GlobalSection(ExtensibilityGlobals) = postSolution
		SolutionGuid = {4F8EF83E-32FD-4625-93A5-F9AE3DF03115}
	EndGlobalSection
EndGlobal
