
Microsoft Visual Studio Solution File, Format Version 12.00
# Visual Studio Version 16
VisualStudioVersion = 16.0.30804.86
MinimumVisualStudioVersion = 10.0.40219.1
Project("{FAE04EC0-301F-11D3-BF4B-00C04F79EFBC}") = "WebProject", "WebProject.csproj", "{154FB2B2-B456-49C2-A4DF-1AFD65449D64}"
EndProject
Global
	GlobalSection(SolutionConfigurationPlatforms) = preSolution
		Debug|Any CPU = Debug|Any CPU
		Release|Any CPU = Release|Any CPU
	EndGlobalSection
	GlobalSection(ProjectConfigurationPlatforms) = postSolution
		{154FB2B2-B456-49C2-A4DF-1AFD65449D64}.Debug|Any CPU.ActiveCfg = Debug|Any CPU
		{154FB2B2-B456-49C2-A4DF-1AFD65449D64}.Debug|Any CPU.Build.0 = Debug|Any CPU
		{154FB2B2-B456-49C2-A4DF-1AFD65449D64}.Release|Any CPU.ActiveCfg = Release|Any CPU
		{154FB2B2-B456-49C2-A4DF-1AFD65449D64}.Release|Any CPU.Build.0 = Release|Any CPU
	EndGlobalSection
	GlobalSection(SolutionProperties) = preSolution
		HideSolutionNode = FALSE
	EndGlobalSection
	GlobalSection(ExtensibilityGlobals) = postSolution
		SolutionGuid = {7C5CBE5E-27E7-40DC-91FB-7A743C3A1577}
	EndGlobalSection
EndGlobal
