
Microsoft Visual Studio Solution File, Format Version 12.00
# Visual Studio Version 16
VisualStudioVersion = 16.0.32413.511
MinimumVisualStudioVersion = 10.0.40219.1
Project("{FAE04EC0-301F-11D3-BF4B-00C04F79EFBC}") = "ConstructorExample", "ConstructorExample\ConstructorExample.csproj", "{DC62768D-A14A-4152-B0E6-96CDC6E42261}"
EndProject
Global
	GlobalSection(SolutionConfigurationPlatforms) = preSolution
		Debug|Any CPU = Debug|Any CPU
		Release|Any CPU = Release|Any CPU
	EndGlobalSection
	GlobalSection(ProjectConfigurationPlatforms) = postSolution
		{DC62768D-A14A-4152-B0E6-96CDC6E42261}.Debug|Any CPU.ActiveCfg = Debug|Any CPU
		{DC62768D-A14A-4152-B0E6-96CDC6E42261}.Debug|Any CPU.Build.0 = Debug|Any CPU
		{DC62768D-A14A-4152-B0E6-96CDC6E42261}.Release|Any CPU.ActiveCfg = Release|Any CPU
		{DC62768D-A14A-4152-B0E6-96CDC6E42261}.Release|Any CPU.Build.0 = Release|Any CPU
	EndGlobalSection
	GlobalSection(SolutionProperties) = preSolution
		HideSolutionNode = FALSE
	EndGlobalSection
	GlobalSection(ExtensibilityGlobals) = postSolution
		SolutionGuid = {C7E920D2-9232-4F1C-A88D-E0A65026C3E2}
	EndGlobalSection
EndGlobal
