
Microsoft Visual Studio Solution File, Format Version 12.00
# Visual Studio Version 16
VisualStudioVersion = 16.0.30804.86
MinimumVisualStudioVersion = 10.0.40219.1
Project("{FAE04EC0-301F-11D3-BF4B-00C04F79EFBC}") = "VpApp", "VpApp.csproj", "{D18BA79D-6113-4A5B-AAA1-E0B7C3941DA0}"
EndProject
Global
	GlobalSection(SolutionConfigurationPlatforms) = preSolution
		Debug|Any CPU = Debug|Any CPU
		Release|Any CPU = Release|Any CPU
	EndGlobalSection
	GlobalSection(ProjectConfigurationPlatforms) = postSolution
		{D18BA79D-6113-4A5B-AAA1-E0B7C3941DA0}.Debug|Any CPU.ActiveCfg = Debug|Any CPU
		{D18BA79D-6113-4A5B-AAA1-E0B7C3941DA0}.Debug|Any CPU.Build.0 = Debug|Any CPU
		{D18BA79D-6113-4A5B-AAA1-E0B7C3941DA0}.Release|Any CPU.ActiveCfg = Release|Any CPU
		{D18BA79D-6113-4A5B-AAA1-E0B7C3941DA0}.Release|Any CPU.Build.0 = Release|Any CPU
	EndGlobalSection
	GlobalSection(SolutionProperties) = preSolution
		HideSolutionNode = FALSE
	EndGlobalSection
	GlobalSection(ExtensibilityGlobals) = postSolution
		SolutionGuid = {E55C7642-2DC8-4851-B963-A6BB14B35BD5}
	EndGlobalSection
EndGlobal
