
Microsoft Visual Studio Solution File, Format Version 12.00
# Visual Studio Version 16
VisualStudioVersion = 16.0.32413.511
MinimumVisualStudioVersion = 10.0.40219.1
Project("{FAE04EC0-301F-11D3-BF4B-00C04F79EFBC}") = "ADOProject", "ADOProject\ADOProject.csproj", "{7FF0E9A6-C930-4DAF-AD7C-FC5A9AA4C65B}"
EndProject
Global
	GlobalSection(SolutionConfigurationPlatforms) = preSolution
		Debug|Any CPU = Debug|Any CPU
		Release|Any CPU = Release|Any CPU
	EndGlobalSection
	GlobalSection(ProjectConfigurationPlatforms) = postSolution
		{7FF0E9A6-C930-4DAF-AD7C-FC5A9AA4C65B}.Debug|Any CPU.ActiveCfg = Debug|Any CPU
		{7FF0E9A6-C930-4DAF-AD7C-FC5A9AA4C65B}.Debug|Any CPU.Build.0 = Debug|Any CPU
		{7FF0E9A6-C930-4DAF-AD7C-FC5A9AA4C65B}.Release|Any CPU.ActiveCfg = Release|Any CPU
		{7FF0E9A6-C930-4DAF-AD7C-FC5A9AA4C65B}.Release|Any CPU.Build.0 = Release|Any CPU
	EndGlobalSection
	GlobalSection(SolutionProperties) = preSolution
		HideSolutionNode = FALSE
	EndGlobalSection
	GlobalSection(ExtensibilityGlobals) = postSolution
		SolutionGuid = {2CEEFD26-BAA0-429F-8532-D39CCE7AE278}
	EndGlobalSection
EndGlobal
