
Microsoft Visual Studio Solution File, Format Version 12.00
# Visual Studio Version 16
VisualStudioVersion = 16.0.30804.86
MinimumVisualStudioVersion = 10.0.40219.1
Project("{FAE04EC0-301F-11D3-BF4B-00C04F79EFBC}") = "BaseKeyword", "BaseKeyword.csproj", "{18F04FE8-3B97-4CD6-9EE4-A32A81D23A40}"
EndProject
Global
	GlobalSection(SolutionConfigurationPlatforms) = preSolution
		Debug|Any CPU = Debug|Any CPU
		Release|Any CPU = Release|Any CPU
	EndGlobalSection
	GlobalSection(ProjectConfigurationPlatforms) = postSolution
		{18F04FE8-3B97-4CD6-9EE4-A32A81D23A40}.Debug|Any CPU.ActiveCfg = Debug|Any CPU
		{18F04FE8-3B97-4CD6-9EE4-A32A81D23A40}.Debug|Any CPU.Build.0 = Debug|Any CPU
		{18F04FE8-3B97-4CD6-9EE4-A32A81D23A40}.Release|Any CPU.ActiveCfg = Release|Any CPU
		{18F04FE8-3B97-4CD6-9EE4-A32A81D23A40}.Release|Any CPU.Build.0 = Release|Any CPU
	EndGlobalSection
	GlobalSection(SolutionProperties) = preSolution
		HideSolutionNode = FALSE
	EndGlobalSection
	GlobalSection(ExtensibilityGlobals) = postSolution
		SolutionGuid = {2BD91EAF-E9BD-49FB-8DFA-3ED096E8FFA8}
	EndGlobalSection
EndGlobal
