
Microsoft Visual Studio Solution File, Format Version 12.00
# Visual Studio Version 16
VisualStudioVersion = 16.0.30804.86
MinimumVisualStudioVersion = 10.0.40219.1
Project("{FAE04EC0-301F-11D3-BF4B-00C04F79EFBC}") = "ConstructorExample", "ConstructorExample.csproj", "{AE58E410-1EFE-4323-81BB-F4ECEEA8DE3E}"
EndProject
Global
	GlobalSection(SolutionConfigurationPlatforms) = preSolution
		Debug|Any CPU = Debug|Any CPU
		Release|Any CPU = Release|Any CPU
	EndGlobalSection
	GlobalSection(ProjectConfigurationPlatforms) = postSolution
		{AE58E410-1EFE-4323-81BB-F4ECEEA8DE3E}.Debug|Any CPU.ActiveCfg = Debug|Any CPU
		{AE58E410-1EFE-4323-81BB-F4ECEEA8DE3E}.Debug|Any CPU.Build.0 = Debug|Any CPU
		{AE58E410-1EFE-4323-81BB-F4ECEEA8DE3E}.Release|Any CPU.ActiveCfg = Release|Any CPU
		{AE58E410-1EFE-4323-81BB-F4ECEEA8DE3E}.Release|Any CPU.Build.0 = Release|Any CPU
	EndGlobalSection
	GlobalSection(SolutionProperties) = preSolution
		HideSolutionNode = FALSE
	EndGlobalSection
	GlobalSection(ExtensibilityGlobals) = postSolution
		SolutionGuid = {AA3DA9A4-6D0E-46E9-892D-C0802DA13DF0}
	EndGlobalSection
EndGlobal
