
Microsoft Visual Studio Solution File, Format Version 12.00
# Visual Studio Version 16
VisualStudioVersion = 16.0.30804.86
MinimumVisualStudioVersion = 10.0.40219.1
Project("{FAE04EC0-301F-11D3-BF4B-00C04F79EFBC}") = "ClinicProjectWeb2Jan", "ClinicProjectWeb2Jan.csproj", "{7457D864-51C8-4DAE-9196-5338580B0F97}"
EndProject
Global
	GlobalSection(SolutionConfigurationPlatforms) = preSolution
		Debug|Any CPU = Debug|Any CPU
		Release|Any CPU = Release|Any CPU
	EndGlobalSection
	GlobalSection(ProjectConfigurationPlatforms) = postSolution
		{7457D864-51C8-4DAE-9196-5338580B0F97}.Debug|Any CPU.ActiveCfg = Debug|Any CPU
		{7457D864-51C8-4DAE-9196-5338580B0F97}.Debug|Any CPU.Build.0 = Debug|Any CPU
		{7457D864-51C8-4DAE-9196-5338580B0F97}.Release|Any CPU.ActiveCfg = Release|Any CPU
		{7457D864-51C8-4DAE-9196-5338580B0F97}.Release|Any CPU.Build.0 = Release|Any CPU
	EndGlobalSection
	GlobalSection(SolutionProperties) = preSolution
		HideSolutionNode = FALSE
	EndGlobalSection
	GlobalSection(ExtensibilityGlobals) = postSolution
		SolutionGuid = {54DA9106-D9D9-4D8E-8C9E-2549DDBF4716}
	EndGlobalSection
EndGlobal
