
Microsoft Visual Studio Solution File, Format Version 12.00
# Visual Studio Version 16
VisualStudioVersion = 16.0.30804.86
MinimumVisualStudioVersion = 10.0.40219.1
Project("{FAE04EC0-301F-11D3-BF4B-00C04F79EFBC}") = "APIexample", "APIexample.csproj", "{CAD87EAD-AE0E-4338-9C25-0F5D37B3E963}"
EndProject
Global
	GlobalSection(SolutionConfigurationPlatforms) = preSolution
		Debug|Any CPU = Debug|Any CPU
		Release|Any CPU = Release|Any CPU
	EndGlobalSection
	GlobalSection(ProjectConfigurationPlatforms) = postSolution
		{CAD87EAD-AE0E-4338-9C25-0F5D37B3E963}.Debug|Any CPU.ActiveCfg = Debug|Any CPU
		{CAD87EAD-AE0E-4338-9C25-0F5D37B3E963}.Debug|Any CPU.Build.0 = Debug|Any CPU
		{CAD87EAD-AE0E-4338-9C25-0F5D37B3E963}.Release|Any CPU.ActiveCfg = Release|Any CPU
		{CAD87EAD-AE0E-4338-9C25-0F5D37B3E963}.Release|Any CPU.Build.0 = Release|Any CPU
	EndGlobalSection
	GlobalSection(SolutionProperties) = preSolution
		HideSolutionNode = FALSE
	EndGlobalSection
	GlobalSection(ExtensibilityGlobals) = postSolution
		SolutionGuid = {1AECCA67-0AD3-4E07-BF03-474700A61C0C}
	EndGlobalSection
EndGlobal
