
Microsoft Visual Studio Solution File, Format Version 12.00
# Visual Studio Version 16
VisualStudioVersion = 16.0.30804.86
MinimumVisualStudioVersion = 10.0.40219.1
Project("{FAE04EC0-301F-11D3-BF4B-00C04F79EFBC}") = "GridViewTF", "GridViewTF\GridViewTF.csproj", "{08425F29-873B-4DA2-B8D5-B072A871ED0F}"
EndProject
Global
	GlobalSection(SolutionConfigurationPlatforms) = preSolution
		Debug|Any CPU = Debug|Any CPU
		Release|Any CPU = Release|Any CPU
	EndGlobalSection
	GlobalSection(ProjectConfigurationPlatforms) = postSolution
		{08425F29-873B-4DA2-B8D5-B072A871ED0F}.Debug|Any CPU.ActiveCfg = Debug|Any CPU
		{08425F29-873B-4DA2-B8D5-B072A871ED0F}.Debug|Any CPU.Build.0 = Debug|Any CPU
		{08425F29-873B-4DA2-B8D5-B072A871ED0F}.Release|Any CPU.ActiveCfg = Release|Any CPU
		{08425F29-873B-4DA2-B8D5-B072A871ED0F}.Release|Any CPU.Build.0 = Release|Any CPU
	EndGlobalSection
	GlobalSection(SolutionProperties) = preSolution
		HideSolutionNode = FALSE
	EndGlobalSection
	GlobalSection(ExtensibilityGlobals) = postSolution
		SolutionGuid = {F7C042F2-2CC8-4F42-BB91-6749017F2AC6}
	EndGlobalSection
EndGlobal
