
Microsoft Visual Studio Solution File, Format Version 12.00
# Visual Studio Version 16
VisualStudioVersion = 16.0.32413.511
MinimumVisualStudioVersion = 10.0.40219.1
Project("{FAE04EC0-301F-11D3-BF4B-00C04F79EFBC}") = "CalculatorWF", "CalculatorWF\CalculatorWF.csproj", "{C3FDFA2E-546D-4260-936A-0064DD827299}"
EndProject
Global
	GlobalSection(SolutionConfigurationPlatforms) = preSolution
		Debug|Any CPU = Debug|Any CPU
		Release|Any CPU = Release|Any CPU
	EndGlobalSection
	GlobalSection(ProjectConfigurationPlatforms) = postSolution
		{C3FDFA2E-546D-4260-936A-0064DD827299}.Debug|Any CPU.ActiveCfg = Debug|Any CPU
		{C3FDFA2E-546D-4260-936A-0064DD827299}.Debug|Any CPU.Build.0 = Debug|Any CPU
		{C3FDFA2E-546D-4260-936A-0064DD827299}.Release|Any CPU.ActiveCfg = Release|Any CPU
		{C3FDFA2E-546D-4260-936A-0064DD827299}.Release|Any CPU.Build.0 = Release|Any CPU
	EndGlobalSection
	GlobalSection(SolutionProperties) = preSolution
		HideSolutionNode = FALSE
	EndGlobalSection
	GlobalSection(ExtensibilityGlobals) = postSolution
		SolutionGuid = {7B545FD9-8BCB-45B5-B1FA-A18B2BAEB746}
	EndGlobalSection
EndGlobal
