
Microsoft Visual Studio Solution File, Format Version 12.00
# Visual Studio Version 16
VisualStudioVersion = 16.0.30804.86
MinimumVisualStudioVersion = 10.0.40219.1
Project("{FAE04EC0-301F-11D3-BF4B-00C04F79EFBC}") = "HtmlHelperClassEx", "HtmlHelperClassEx.csproj", "{65AB5A22-1560-4B6D-9291-C3C486C3B249}"
EndProject
Global
	GlobalSection(SolutionConfigurationPlatforms) = preSolution
		Debug|Any CPU = Debug|Any CPU
		Release|Any CPU = Release|Any CPU
	EndGlobalSection
	GlobalSection(ProjectConfigurationPlatforms) = postSolution
		{65AB5A22-1560-4B6D-9291-C3C486C3B249}.Debug|Any CPU.ActiveCfg = Debug|Any CPU
		{65AB5A22-1560-4B6D-9291-C3C486C3B249}.Debug|Any CPU.Build.0 = Debug|Any CPU
		{65AB5A22-1560-4B6D-9291-C3C486C3B249}.Release|Any CPU.ActiveCfg = Release|Any CPU
		{65AB5A22-1560-4B6D-9291-C3C486C3B249}.Release|Any CPU.Build.0 = Release|Any CPU
	EndGlobalSection
	GlobalSection(SolutionProperties) = preSolution
		HideSolutionNode = FALSE
	EndGlobalSection
	GlobalSection(ExtensibilityGlobals) = postSolution
		SolutionGuid = {E2A4BEFC-91EC-4D4F-B4E2-BC75A0AA0366}
	EndGlobalSection
EndGlobal
