
Microsoft Visual Studio Solution File, Format Version 12.00
# Visual Studio Version 16
VisualStudioVersion = 16.0.30804.86
MinimumVisualStudioVersion = 10.0.40219.1
Project("{FAE04EC0-301F-11D3-BF4B-00C04F79EFBC}") = "Web_service_exam", "Web_service_exam\Web_service_exam.csproj", "{43D6C909-DCDD-435B-9F54-334D129CB8F2}"
EndProject
Global
	GlobalSection(SolutionConfigurationPlatforms) = preSolution
		Debug|Any CPU = Debug|Any CPU
		Release|Any CPU = Release|Any CPU
	EndGlobalSection
	GlobalSection(ProjectConfigurationPlatforms) = postSolution
		{43D6C909-DCDD-435B-9F54-334D129CB8F2}.Debug|Any CPU.ActiveCfg = Debug|Any CPU
		{43D6C909-DCDD-435B-9F54-334D129CB8F2}.Debug|Any CPU.Build.0 = Debug|Any CPU
		{43D6C909-DCDD-435B-9F54-334D129CB8F2}.Release|Any CPU.ActiveCfg = Release|Any CPU
		{43D6C909-DCDD-435B-9F54-334D129CB8F2}.Release|Any CPU.Build.0 = Release|Any CPU
	EndGlobalSection
	GlobalSection(SolutionProperties) = preSolution
		HideSolutionNode = FALSE
	EndGlobalSection
	GlobalSection(ExtensibilityGlobals) = postSolution
		SolutionGuid = {2CE60C93-DE3B-4765-8849-4377CB06A4F2}
	EndGlobalSection
EndGlobal
