
Microsoft Visual Studio Solution File, Format Version 12.00
# Visual Studio Version 16
VisualStudioVersion = 16.0.30804.86
MinimumVisualStudioVersion = 10.0.40219.1
Project("{FAE04EC0-301F-11D3-BF4B-00C04F79EFBC}") = "BRT_Bus_trackingSystem_project", "BRT_Bus_trackingSystem_project\BRT_Bus_trackingSystem_project.csproj", "{35BB0F8C-D56A-48F2-8B55-BC64368EDB70}"
EndProject
Global
	GlobalSection(SolutionConfigurationPlatforms) = preSolution
		Debug|Any CPU = Debug|Any CPU
		Release|Any CPU = Release|Any CPU
	EndGlobalSection
	GlobalSection(ProjectConfigurationPlatforms) = postSolution
		{35BB0F8C-D56A-48F2-8B55-BC64368EDB70}.Debug|Any CPU.ActiveCfg = Debug|Any CPU
		{35BB0F8C-D56A-48F2-8B55-BC64368EDB70}.Debug|Any CPU.Build.0 = Debug|Any CPU
		{35BB0F8C-D56A-48F2-8B55-BC64368EDB70}.Release|Any CPU.ActiveCfg = Release|Any CPU
		{35BB0F8C-D56A-48F2-8B55-BC64368EDB70}.Release|Any CPU.Build.0 = Release|Any CPU
	EndGlobalSection
	GlobalSection(SolutionProperties) = preSolution
		HideSolutionNode = FALSE
	EndGlobalSection
	GlobalSection(ExtensibilityGlobals) = postSolution
		SolutionGuid = {F835EE86-3156-46E9-8606-53CC7CF4AB88}
	EndGlobalSection
EndGlobal
