
Microsoft Visual Studio Solution File, Format Version 12.00
# Visual Studio Version 16
VisualStudioVersion = 16.0.32413.511
MinimumVisualStudioVersion = 10.0.40219.1
Project("{FAE04EC0-301F-11D3-BF4B-00C04F79EFBC}") = "ADOExample", "ADOExample\ADOExample.csproj", "{6E712718-D6E7-4342-94C1-EF503C0D0FFD}"
EndProject
Global
	GlobalSection(SolutionConfigurationPlatforms) = preSolution
		Debug|Any CPU = Debug|Any CPU
		Release|Any CPU = Release|Any CPU
	EndGlobalSection
	GlobalSection(ProjectConfigurationPlatforms) = postSolution
		{6E712718-D6E7-4342-94C1-EF503C0D0FFD}.Debug|Any CPU.ActiveCfg = Debug|Any CPU
		{6E712718-D6E7-4342-94C1-EF503C0D0FFD}.Debug|Any CPU.Build.0 = Debug|Any CPU
		{6E712718-D6E7-4342-94C1-EF503C0D0FFD}.Release|Any CPU.ActiveCfg = Release|Any CPU
		{6E712718-D6E7-4342-94C1-EF503C0D0FFD}.Release|Any CPU.Build.0 = Release|Any CPU
	EndGlobalSection
	GlobalSection(SolutionProperties) = preSolution
		HideSolutionNode = FALSE
	EndGlobalSection
	GlobalSection(ExtensibilityGlobals) = postSolution
		SolutionGuid = {4B9D04DE-680B-409A-A909-869F7B35609C}
	EndGlobalSection
EndGlobal
