
Microsoft Visual Studio Solution File, Format Version 12.00
# Visual Studio Version 16
VisualStudioVersion = 16.0.30804.86
MinimumVisualStudioVersion = 10.0.40219.1
Project("{FAE04EC0-301F-11D3-BF4B-00C04F79EFBC}") = "MVC_htmlHelperClass_Exam", "MVC_htmlHelperClass_Exam\MVC_htmlHelperClass_Exam.csproj", "{1B589CF7-3973-4D3D-89E6-87F314CF9928}"
EndProject
Global
	GlobalSection(SolutionConfigurationPlatforms) = preSolution
		Debug|Any CPU = Debug|Any CPU
		Release|Any CPU = Release|Any CPU
	EndGlobalSection
	GlobalSection(ProjectConfigurationPlatforms) = postSolution
		{1B589CF7-3973-4D3D-89E6-87F314CF9928}.Debug|Any CPU.ActiveCfg = Debug|Any CPU
		{1B589CF7-3973-4D3D-89E6-87F314CF9928}.Debug|Any CPU.Build.0 = Debug|Any CPU
		{1B589CF7-3973-4D3D-89E6-87F314CF9928}.Release|Any CPU.ActiveCfg = Release|Any CPU
		{1B589CF7-3973-4D3D-89E6-87F314CF9928}.Release|Any CPU.Build.0 = Release|Any CPU
	EndGlobalSection
	GlobalSection(SolutionProperties) = preSolution
		HideSolutionNode = FALSE
	EndGlobalSection
	GlobalSection(ExtensibilityGlobals) = postSolution
		SolutionGuid = {97530C7A-576C-4E48-AD7F-436FE817FFF3}
	EndGlobalSection
EndGlobal
