
Microsoft Visual Studio Solution File, Format Version 12.00
# Visual Studio Version 16
VisualStudioVersion = 16.0.30804.86
MinimumVisualStudioVersion = 10.0.40219.1
Project("{FAE04EC0-301F-11D3-BF4B-00C04F79EFBC}") = "CookiesExample", "CookiesExample.csproj", "{EEA3A9F5-534D-485C-AC21-C39FF7E9BB3A}"
EndProject
Global
	GlobalSection(SolutionConfigurationPlatforms) = preSolution
		Debug|Any CPU = Debug|Any CPU
		Release|Any CPU = Release|Any CPU
	EndGlobalSection
	GlobalSection(ProjectConfigurationPlatforms) = postSolution
		{EEA3A9F5-534D-485C-AC21-C39FF7E9BB3A}.Debug|Any CPU.ActiveCfg = Debug|Any CPU
		{EEA3A9F5-534D-485C-AC21-C39FF7E9BB3A}.Debug|Any CPU.Build.0 = Debug|Any CPU
		{EEA3A9F5-534D-485C-AC21-C39FF7E9BB3A}.Release|Any CPU.ActiveCfg = Release|Any CPU
		{EEA3A9F5-534D-485C-AC21-C39FF7E9BB3A}.Release|Any CPU.Build.0 = Release|Any CPU
	EndGlobalSection
	GlobalSection(SolutionProperties) = preSolution
		HideSolutionNode = FALSE
	EndGlobalSection
	GlobalSection(ExtensibilityGlobals) = postSolution
		SolutionGuid = {25ED67D9-C9A1-4638-A464-FF791BE4198E}
	EndGlobalSection
EndGlobal
