
Microsoft Visual Studio Solution File, Format Version 12.00
# Visual Studio Version 16
VisualStudioVersion = 16.0.30804.86
MinimumVisualStudioVersion = 10.0.40219.1
Project("{FAE04EC0-301F-11D3-BF4B-00C04F79EFBC}") = "DbConnectivityYoutube", "DbConnectivityYoutube.csproj", "{0D392EF4-6A71-405A-8C29-015DFAB6C00F}"
EndProject
Global
	GlobalSection(SolutionConfigurationPlatforms) = preSolution
		Debug|Any CPU = Debug|Any CPU
		Release|Any CPU = Release|Any CPU
	EndGlobalSection
	GlobalSection(ProjectConfigurationPlatforms) = postSolution
		{0D392EF4-6A71-405A-8C29-015DFAB6C00F}.Debug|Any CPU.ActiveCfg = Debug|Any CPU
		{0D392EF4-6A71-405A-8C29-015DFAB6C00F}.Debug|Any CPU.Build.0 = Debug|Any CPU
		{0D392EF4-6A71-405A-8C29-015DFAB6C00F}.Release|Any CPU.ActiveCfg = Release|Any CPU
		{0D392EF4-6A71-405A-8C29-015DFAB6C00F}.Release|Any CPU.Build.0 = Release|Any CPU
	EndGlobalSection
	GlobalSection(SolutionProperties) = preSolution
		HideSolutionNode = FALSE
	EndGlobalSection
	GlobalSection(ExtensibilityGlobals) = postSolution
		SolutionGuid = {5BBF3867-2A4B-407D-807A-2A4CB3522C43}
	EndGlobalSection
EndGlobal
